{
  "name": "maptowordcloud",
  "version": "1.0.8",
  "lockfileVersion": 1,
  "requires": true,
  "dependencies": {
    "wordcloud": {
      "version": "1.1.1",
      "resolved": "https://registry.npmjs.org/wordcloud/-/wordcloud-1.1.1.tgz",
      "integrity": "sha512-uL/QooAjq8XeFlbYIdAq1wlbu7RP6xl42i5cJyk6ahG7hHFg96ZM9H3QStyqn/WW2/B5sEjsDFwRBeN4MM5M4A=="
    }
  }
}
